
Microsoft Visual Studio Solution File, Format Version 11.00
# Visual Studio 2010
Project("{FAE04EC0-301F-11D3-BF4B-00C04F79EFBC}") = "Code52.i18n.MVC", "Code52.i18n.MVC\Code52.i18n.MVC.csproj", "{EFA9A1CD-06FF-41EC-9B2B-BA5EE890D2A5}"
EndProject
Project("{2150E333-8FDC-42A3-9474-1A3956D46DE8}") = "Samples", "Samples", "{FCE44442-3448-49C2-925B-60A4940D7E60}"
EndProject
Project("{FAE04EC0-301F-11D3-BF4B-00C04F79EFBC}") = "Code52.i18n.MVC3.Example", "Code52.i18n.MVC3.Example\Code52.i18n.MVC3.Example.csproj", "{AB508CF3-5988-4275-B29F-3E192836F166}"
EndProject
Project("{FAE04EC0-301F-11D3-BF4B-00C04F79EFBC}") = "Code52.i18n.MVC4.Example", "Code52.i18n.MVC4.Example\Code52.i18n.MVC4.Example.csproj", "{1554DFF2-E628-47DE-B2F6-720F316A3298}"
EndProject
Global
	GlobalSection(SolutionConfigurationPlatforms) = preSolution
		Debug|Any CPU = Debug|Any CPU
		Release|Any CPU = Release|Any CPU
	EndGlobalSection
	GlobalSection(ProjectConfigurationPlatforms) = postSolution
		{EFA9A1CD-06FF-41EC-9B2B-BA5EE890D2A5}.Debug|Any CPU.ActiveCfg = Debug|Any CPU
		{EFA9A1CD-06FF-41EC-9B2B-BA5EE890D2A5}.Debug|Any CPU.Build.0 = Debug|Any CPU
		{EFA9A1CD-06FF-41EC-9B2B-BA5EE890D2A5}.Release|Any CPU.ActiveCfg = Release|Any CPU
		{EFA9A1CD-06FF-41EC-9B2B-BA5EE890D2A5}.Release|Any CPU.Build.0 = Release|Any CPU
		{AB508CF3-5988-4275-B29F-3E192836F166}.Debug|Any CPU.ActiveCfg = Debug|Any CPU
		{AB508CF3-5988-4275-B29F-3E192836F166}.Debug|Any CPU.Build.0 = Debug|Any CPU
		{AB508CF3-5988-4275-B29F-3E192836F166}.Release|Any CPU.ActiveCfg = Release|Any CPU
		{AB508CF3-5988-4275-B29F-3E192836F166}.Release|Any CPU.Build.0 = Release|Any CPU
		{1554DFF2-E628-47DE-B2F6-720F316A3298}.Debug|Any CPU.ActiveCfg = Debug|Any CPU
		{1554DFF2-E628-47DE-B2F6-720F316A3298}.Debug|Any CPU.Build.0 = Debug|Any CPU
		{1554DFF2-E628-47DE-B2F6-720F316A3298}.Release|Any CPU.ActiveCfg = Release|Any CPU
		{1554DFF2-E628-47DE-B2F6-720F316A3298}.Release|Any CPU.Build.0 = Release|Any CPU
	EndGlobalSection
	GlobalSection(SolutionProperties) = preSolution
		HideSolutionNode = FALSE
	EndGlobalSection
	GlobalSection(NestedProjects) = preSolution
		{AB508CF3-5988-4275-B29F-3E192836F166} = {FCE44442-3448-49C2-925B-60A4940D7E60}
		{1554DFF2-E628-47DE-B2F6-720F316A3298} = {FCE44442-3448-49C2-925B-60A4940D7E60}
	EndGlobalSection
EndGlobal
